
Microsoft Visual Studio Solution File, Format Version 12.00
# Visual Studio Version 16
VisualStudioVersion = 16.0.30711.63
MinimumVisualStudioVersion = 10.0.40219.1
Project("{FAE04EC0-301F-11D3-BF4B-00C04F79EFBC}") = "SistemaAdministrativo", "SistemaAdministrativo\SistemaAdministrativo.csproj", "{4896631F-DEE6-4975-AAD6-BD3D675F9E23}"
EndProject
Global
	GlobalSection(SolutionConfigurationPlatforms) = preSolution
		Debug|Any CPU = Debug|Any CPU
		Release|Any CPU = Release|Any CPU
	EndGlobalSection
	GlobalSection(ProjectConfigurationPlatforms) = postSolution
		{4896631F-DEE6-4975-AAD6-BD3D675F9E23}.Debug|Any CPU.ActiveCfg = Debug|Any CPU
		{4896631F-DEE6-4975-AAD6-BD3D675F9E23}.Debug|Any CPU.Build.0 = Debug|Any CPU
		{4896631F-DEE6-4975-AAD6-BD3D675F9E23}.Release|Any CPU.ActiveCfg = Release|Any CPU
		{4896631F-DEE6-4975-AAD6-BD3D675F9E23}.Release|Any CPU.Build.0 = Release|Any CPU
	EndGlobalSection
	GlobalSection(SolutionProperties) = preSolution
		HideSolutionNode = FALSE
	EndGlobalSection
	GlobalSection(ExtensibilityGlobals) = postSolution
		SolutionGuid = {AD4AD5C8-2A0A-4419-B75F-DB6720AEACF4}
	EndGlobalSection
EndGlobal
